
Microsoft Visual Studio Solution File, Format Version 12.00
# Visual Studio Version 16
VisualStudioVersion = 16.0.32106.194
MinimumVisualStudioVersion = 10.0.40219.1
Project("{E9C2A73A-8E59-48DA-8793-A518475183E9}") = "RRHHApp", "RRHHApp\RRHHApp.csproj", "{D8D63862-1C58-49D3-84C9-C701CE0FAF75}"
EndProject
Global
	GlobalSection(SolutionConfigurationPlatforms) = preSolution
		Debug|Any CPU = Debug|Any CPU
		Release|Any CPU = Release|Any CPU
	EndGlobalSection
	GlobalSection(ProjectConfigurationPlatforms) = postSolution
		{D8D63862-1C58-49D3-84C9-C701CE0FAF75}.Debug|Any CPU.ActiveCfg = Debug|Any CPU
		{D8D63862-1C58-49D3-84C9-C701CE0FAF75}.Debug|Any CPU.Build.0 = Debug|Any CPU
		{D8D63862-1C58-49D3-84C9-C701CE0FAF75}.Release|Any CPU.ActiveCfg = Release|Any CPU
		{D8D63862-1C58-49D3-84C9-C701CE0FAF75}.Release|Any CPU.Build.0 = Release|Any CPU
	EndGlobalSection
	GlobalSection(SolutionProperties) = preSolution
		HideSolutionNode = FALSE
	EndGlobalSection
	GlobalSection(ExtensibilityGlobals) = postSolution
		SolutionGuid = {3501417F-EC58-4FDF-9222-808515F51BF8}
	EndGlobalSection
EndGlobal
